{
  "name": "leap-app",
  "version": "0.0.1",
  "lockfileVersion": 1,
  "requires": true,
  "dependencies": {
    "async-limiter": {
      "version": "1.0.0",
      "resolved": "https://registry.npmjs.org/async-limiter/-/async-limiter-1.0.0.tgz",
      "integrity": "sha512-jp/uFnooOiO+L211eZOoSyzpOITMXx1rBITauYykG3BRYPu8h0UcxsPNB04RR5vo4Tyz3+ay17tR6JVf9qzYWg=="
    },
    "commander": {
      "version": "0.6.1",
      "resolved": "http://registry.npmjs.org/commander/-/commander-0.6.1.tgz",
      "integrity": "sha1-+mihT2qUXVTbvlDYzbMyDp47GgY="
    },
    "flatted": {
      "version": "2.0.0",
      "resolved": "https://registry.npmjs.org/flatted/-/flatted-2.0.0.tgz",
      "integrity": "sha512-R+H8IZclI8AAkSBRQJLVOsxwAoHd6WC40b4QTNWIjzAa6BXOBfQcM587MXDTVPeYaopFNWHUFLx7eNmHDSxMWg=="
    },
    "gl-matrix": {
      "version": "2.0.0",
      "resolved": "http://registry.npmjs.org/gl-matrix/-/gl-matrix-2.0.0.tgz",
      "integrity": "sha1-BuzYsrYN5KDbxE1smMoxZvwArRo="
    },
    "leapjs": {
      "version": "0.2.1",
      "resolved": "https://registry.npmjs.org/leapjs/-/leapjs-0.2.1.tgz",
      "integrity": "sha1-kPr2BknVhkUVovsBK344Xw94bs4=",
      "requires": {
        "gl-matrix": "2.0.0",
        "underscore": "1.4.4",
        "ws": "0.4.25"
      },
      "dependencies": {
        "ws": {
          "version": "0.4.25",
          "resolved": "http://registry.npmjs.org/ws/-/ws-0.4.25.tgz",
          "integrity": "sha1-PcoG/t3CWUSveA17Ados9j2nrMg=",
          "requires": {
            "commander": "~0.6.1",
            "options": "^0.0.6",
            "tinycolor": "0.x"
          }
        }
      }
    },
    "options": {
      "version": "0.0.6",
      "resolved": "https://registry.npmjs.org/options/-/options-0.0.6.tgz",
      "integrity": "sha1-7CLTEoBrtT5zF3Pnza788cZDEo8="
    },
    "tinycolor": {
      "version": "0.0.1",
      "resolved": "https://registry.npmjs.org/tinycolor/-/tinycolor-0.0.1.tgz",
      "integrity": "sha1-MgtaUtg6u1l42Bo+iH1K77FaYWQ="
    },
    "underscore": {
      "version": "1.4.4",
      "resolved": "https://registry.npmjs.org/underscore/-/underscore-1.4.4.tgz",
      "integrity": "sha1-YaajIBBiKvoHljvzJSA88SI51gQ="
    },
    "ws": {
      "version": "6.1.0",
      "resolved": "https://registry.npmjs.org/ws/-/ws-6.1.0.tgz",
      "integrity": "sha512-H3dGVdGvW2H8bnYpIDc3u3LH8Wue3Qh+Zto6aXXFzvESkTVT6rAfKR6tR/+coaUvxs8yHtmNV0uioBF62ZGSTg==",
      "requires": {
        "async-limiter": "~1.0.0"
      }
    }
  }
}
